// !$*UTF8*$!
{
	archiveVersion = 1;
	classes = {
	};
	objectVersion = 52;
	objects = {

/* Begin PBXBuildFile section */
		0938CAA125B5BBA300100316 /* LocationService.swift in Sources */ = {isa = PBXBuildFile; fileRef = 0938CAA025B5BBA300100316 /* LocationService.swift */; };
		095BE97425B6FF4900D09D75 /* MarkerView.swift in Sources */ = {isa = PBXBuildFile; fileRef = 095BE97325B6FF4900D09D75 /* MarkerView.swift */; };
		095BE97625B7042500D09D75 /* MarkerViewModel.swift in Sources */ = {isa = PBXBuildFile; fileRef = 095BE97525B7042500D09D75 /* MarkerViewModel.swift */; };
		095BE97A25B813A000D09D75 /* DetailsActionView.swift in Sources */ = {isa = PBXBuildFile; fileRef = 095BE97925B813A000D09D75 /* DetailsActionView.swift */; };
		0965342725B575C800FB3FD1 /* README.md in Resources */ = {isa = PBXBuildFile; fileRef = 0965342625B575C800FB3FD1 /* README.md */; };
		0991909625B96E1C00F4235B /* MapControl.swift in Sources */ = {isa = PBXBuildFile; fileRef = 0991909525B96E1C00F4235B /* MapControl.swift */; };
		4B27063524A3F24C00F12B48 /* AppDelegate.swift in Sources */ = {isa = PBXBuildFile; fileRef = 4B27063424A3F24C00F12B48 /* AppDelegate.swift */; };
		4B27063724A3F24C00F12B48 /* SceneDelegate.swift in Sources */ = {isa = PBXBuildFile; fileRef = 4B27063624A3F24C00F12B48 /* SceneDelegate.swift */; };
		4B27063E24A3F25000F12B48 /* Assets.xcassets in Resources */ = {isa = PBXBuildFile; fileRef = 4B27063D24A3F25000F12B48 /* Assets.xcassets */; };
		4B27064124A3F25000F12B48 /* LaunchScreen.storyboard in Resources */ = {isa = PBXBuildFile; fileRef = 4B27063F24A3F25000F12B48 /* LaunchScreen.storyboard */; };
		4B4291652527A49C006E74BE /* SuggestView.swift in Sources */ = {isa = PBXBuildFile; fileRef = 4B4291642527A49C006E74BE /* SuggestView.swift */; };
		4B4291682527A4DB006E74BE /* SuggestViewModel.swift in Sources */ = {isa = PBXBuildFile; fileRef = 4B4291672527A4DB006E74BE /* SuggestViewModel.swift */; };
		4B96D18E260348C10057C366 /* StylePickerView.swift in Sources */ = {isa = PBXBuildFile; fileRef = 4B96D18D260348C10057C366 /* StylePickerView.swift */; };
		4B96D1902603682B0057C366 /* StylePickerViewModel.swift in Sources */ = {isa = PBXBuildFile; fileRef = 4B96D18F2603682B0057C366 /* StylePickerViewModel.swift */; };
		4B96E77A2608C14C0057C366 /* GeoRect.swift in Sources */ = {isa = PBXBuildFile; fileRef = 4B96E7782608C14B0057C366 /* GeoRect.swift */; };
		4B96E77B2608C14C0057C366 /* Arcdegree.swift in Sources */ = {isa = PBXBuildFile; fileRef = 4B96E7792608C14C0057C366 /* Arcdegree.swift */; };
		4B96EBDC2608C5780057C366 /* View+Helpers.swift in Sources */ = {isa = PBXBuildFile; fileRef = 4B96EBDA2608C5780057C366 /* View+Helpers.swift */; };
		4B96EBDD2608C5780057C366 /* Channel+Helpers.swift in Sources */ = {isa = PBXBuildFile; fileRef = 4B96EBDB2608C5780057C366 /* Channel+Helpers.swift */; };
		4BADDFCC2528016600FBF589 /* SuggestResultView.swift in Sources */ = {isa = PBXBuildFile; fileRef = 4BADDFCB2528016600FBF589 /* SuggestResultView.swift */; };
		4BADDFCF252801BD00FBF589 /* SuggestResultViewModel.swift in Sources */ = {isa = PBXBuildFile; fileRef = 4BADDFCE252801BC00FBF589 /* SuggestResultViewModel.swift */; };
		4BADDFD2252802A500FBF589 /* SearchResultView.swift in Sources */ = {isa = PBXBuildFile; fileRef = 4BADDFD1252802A500FBF589 /* SearchResultView.swift */; };
		4BADDFD525282A2400FBF589 /* MarkedUpTextView.swift in Sources */ = {isa = PBXBuildFile; fileRef = 4BADDFD425282A2400FBF589 /* MarkedUpTextView.swift */; };
		4BADDFD8252866B300FBF589 /* SearchStore.swift in Sources */ = {isa = PBXBuildFile; fileRef = 4BADDFD7252866B200FBF589 /* SearchStore.swift */; };
		4BADDFDB252866F700FBF589 /* SearchService.swift in Sources */ = {isa = PBXBuildFile; fileRef = 4BADDFDA252866F700FBF589 /* SearchService.swift */; };
		4BADDFDE25288F9D00FBF589 /* DirectoryObjectView.swift in Sources */ = {isa = PBXBuildFile; fileRef = 4BADDFDD25288F9D00FBF589 /* DirectoryObjectView.swift */; };
		4BADDFE12528941E00FBF589 /* DirectoryObjectViewModel.swift in Sources */ = {isa = PBXBuildFile; fileRef = 4BADDFE02528941E00FBF589 /* DirectoryObjectViewModel.swift */; };
		4BADDFE42528947F00FBF589 /* FormattedAddressView.swift in Sources */ = {isa = PBXBuildFile; fileRef = 4BADDFE32528947F00FBF589 /* FormattedAddressView.swift */; };
		4BADDFE7252894A100FBF589 /* FormattedAddressViewModel.swift in Sources */ = {isa = PBXBuildFile; fileRef = 4BADDFE6252894A100FBF589 /* FormattedAddressViewModel.swift */; };
		4BADDFEB2529AD9C00FBF589 /* SearchNavigation.swift in Sources */ = {isa = PBXBuildFile; fileRef = 4BADDFEA2529AD9C00FBF589 /* SearchNavigation.swift */; };
		4BADDFF4252A32AD00FBF589 /* SeachState.swift in Sources */ = {isa = PBXBuildFile; fileRef = 4BADDFF3252A32AC00FBF589 /* SeachState.swift */; };
		4BADDFF7252A33CD00FBF589 /* SearchReducer.swift in Sources */ = {isa = PBXBuildFile; fileRef = 4BADDFF6252A33CD00FBF589 /* SearchReducer.swift */; };
		4BADDFFC252AD63800FBF589 /* SearchAction.swift in Sources */ = {isa = PBXBuildFile; fileRef = 4BADDFFB252AD63800FBF589 /* SearchAction.swift */; };
		4BBE7E1E25264DA200D7EBDB /* RootView.swift in Sources */ = {isa = PBXBuildFile; fileRef = 4BBE7E1D25264DA200D7EBDB /* RootView.swift */; };
		4BBE7E2025264F2B00D7EBDB /* MapView.swift in Sources */ = {isa = PBXBuildFile; fileRef = 4BBE7E1F25264F2B00D7EBDB /* MapView.swift */; };
		4BBE80152526D8FE00D7EBDB /* SearchView.swift in Sources */ = {isa = PBXBuildFile; fileRef = 4BBE80142526D8FE00D7EBDB /* SearchView.swift */; };
		4BBE80182526D92C00D7EBDB /* SearchViewModel.swift in Sources */ = {isa = PBXBuildFile; fileRef = 4BBE80172526D92C00D7EBDB /* SearchViewModel.swift */; };
		4BBE801B2526D98600D7EBDB /* SearchResultItemViewModel.swift in Sources */ = {isa = PBXBuildFile; fileRef = 4BBE801A2526D98600D7EBDB /* SearchResultItemViewModel.swift */; };
		4BBE80222526DCA200D7EBDB /* SearchResultItemView.swift in Sources */ = {isa = PBXBuildFile; fileRef = 4BBE80212526DCA200D7EBDB /* SearchResultItemView.swift */; };
		4BBE80262526DFB100D7EBDB /* RootViewModel.swift in Sources */ = {isa = PBXBuildFile; fileRef = 4BBE80252526DFB100D7EBDB /* RootViewModel.swift */; };
		4BBE80292526E22F00D7EBDB /* SearchResultViewModel.swift in Sources */ = {isa = PBXBuildFile; fileRef = 4BBE80282526E22F00D7EBDB /* SearchResultViewModel.swift */; };
		4BBE802D2526F8A600D7EBDB /* RootViewFactory.swift in Sources */ = {isa = PBXBuildFile; fileRef = 4BBE802C2526F8A600D7EBDB /* RootViewFactory.swift */; };
		4BBE80302526FB0D00D7EBDB /* Container.swift in Sources */ = {isa = PBXBuildFile; fileRef = 4BBE802F2526FB0D00D7EBDB /* Container.swift */; };
		64226DFD26B1B5ED0058E3D9 /* ClusteringDemoViewModel.swift in Sources */ = {isa = PBXBuildFile; fileRef = 64226DFB26B1B5ED0058E3D9 /* ClusteringDemoViewModel.swift */; };
		64226DFE26B1B5ED0058E3D9 /* ClusteringDemoView.swift in Sources */ = {isa = PBXBuildFile; fileRef = 64226DFC26B1B5ED0058E3D9 /* ClusteringDemoView.swift */; };
		64226E0226B1B5F70058E3D9 /* FpsDemoView.swift in Sources */ = {isa = PBXBuildFile; fileRef = 64226E0026B1B5F70058E3D9 /* FpsDemoView.swift */; };
		64226E0326B1B5F70058E3D9 /* FpsDemoViewModel.swift in Sources */ = {isa = PBXBuildFile; fileRef = 64226E0126B1B5F70058E3D9 /* FpsDemoViewModel.swift */; };
		64A28EC426985B2000E7214B /* MapSDK in Frameworks */ = {isa = PBXBuildFile; productRef = 64A28EC326985B2000E7214B /* MapSDK */; };
		B709913925F9CBCF00B2F1A5 /* MapObjectCardView.swift in Sources */ = {isa = PBXBuildFile; fileRef = B709913825F9CBCF00B2F1A5 /* MapObjectCardView.swift */; };
		B709914C25FA11CD00B2F1A5 /* MapObjectCardViewModel.swift in Sources */ = {isa = PBXBuildFile; fileRef = B709914B25FA11CD00B2F1A5 /* MapObjectCardViewModel.swift */; };
		B709914F25FA6B6F00B2F1A5 /* RenderedObjectInfo+Helpers.swift in Sources */ = {isa = PBXBuildFile; fileRef = B709914E25FA6B6F00B2F1A5 /* RenderedObjectInfo+Helpers.swift */; };
		B709915125FA6B9D00B2F1A5 /* GeoPoint+Helpers.swift in Sources */ = {isa = PBXBuildFile; fileRef = B709915025FA6B9D00B2F1A5 /* GeoPoint+Helpers.swift */; };
		B709915525FA72A600B2F1A5 /* Future+Helpers.swift in Sources */ = {isa = PBXBuildFile; fileRef = B709915425FA72A600B2F1A5 /* Future+Helpers.swift */; };
		B710FF03265FC8FA004659E8 /* MapThemeDemoView.swift in Sources */ = {isa = PBXBuildFile; fileRef = B710FF02265FC8FA004659E8 /* MapThemeDemoView.swift */; };
		B710FF05265FC908004659E8 /* MapThemeDemoViewModel.swift in Sources */ = {isa = PBXBuildFile; fileRef = B710FF04265FC908004659E8 /* MapThemeDemoViewModel.swift */; };
		B7370710266D04D30043C0FA /* Button+Factory.swift in Sources */ = {isa = PBXBuildFile; fileRef = B737070F266D04D30043C0FA /* Button+Factory.swift */; };
		B7D236C42643E16F00CC835A /* CustomMapStyleDemoView.swift in Sources */ = {isa = PBXBuildFile; fileRef = B7D236C32643E16F00CC835A /* CustomMapStyleDemoView.swift */; };
		B7D236C62643E1D100CC835A /* CustomMapStyleDemoViewModel.swift in Sources */ = {isa = PBXBuildFile; fileRef = B7D236C52643E1D100CC835A /* CustomMapStyleDemoViewModel.swift */; };
		B7D24AE92646D15C00CC835A /* TouchUpRecognizer.swift in Sources */ = {isa = PBXBuildFile; fileRef = B7D24AE82646D15C00CC835A /* TouchUpRecognizer.swift */; };
		B7D24AEF2646D46D00CC835A /* SearchDemoView.swift in Sources */ = {isa = PBXBuildFile; fileRef = B7D24AEE2646D46D00CC835A /* SearchDemoView.swift */; };
		B7D24AF12646D47A00CC835A /* SearchDemoViewModel.swift in Sources */ = {isa = PBXBuildFile; fileRef = B7D24AF02646D47A00CC835A /* SearchDemoViewModel.swift */; };
		B7D24AF32646D55700CC835A /* DemoPage.swift in Sources */ = {isa = PBXBuildFile; fileRef = B7D24AF22646D55700CC835A /* DemoPage.swift */; };
		B7D24AF62646DDDA00CC835A /* CameraDemoView.swift in Sources */ = {isa = PBXBuildFile; fileRef = B7D24AF52646DDDA00CC835A /* CameraDemoView.swift */; };
		B7D24AF82646E35500CC835A /* CameraDemoViewModel.swift in Sources */ = {isa = PBXBuildFile; fileRef = B7D24AF72646E35500CC835A /* CameraDemoViewModel.swift */; };
		B7D251CE264A6AE800CC835A /* MarkersDemoView.swift in Sources */ = {isa = PBXBuildFile; fileRef = B7D251CD264A6AE800CC835A /* MarkersDemoView.swift */; };
		B7D251D0264A6AFF00CC835A /* MarkersDemoViewModel.swift in Sources */ = {isa = PBXBuildFile; fileRef = B7D251CF264A6AFF00CC835A /* MarkersDemoViewModel.swift */; };
		B7D251D3264A77C100CC835A /* VisibleAreaDetectionDemoView.swift in Sources */ = {isa = PBXBuildFile; fileRef = B7D251D2264A77C100CC835A /* VisibleAreaDetectionDemoView.swift */; };
		B7D251D5264A77D100CC835A /* VisibleAreaDetectionDemoViewModel.swift in Sources */ = {isa = PBXBuildFile; fileRef = B7D251D4264A77D100CC835A /* VisibleAreaDetectionDemoViewModel.swift */; };
		B7D25ACC264B970100CC835A /* MapObjectsIdentificationDemoView.swift in Sources */ = {isa = PBXBuildFile; fileRef = B7D25ACB264B970100CC835A /* MapObjectsIdentificationDemoView.swift */; };
		B7D25ACE264B971300CC835A /* MapObjectsIdentificationDemoViewModel.swift in Sources */ = {isa = PBXBuildFile; fileRef = B7D25ACD264B971300CC835A /* MapObjectsIdentificationDemoViewModel.swift */; };
		B7D25AD0264BD2DE00CC835A /* DemoPageComponentsFactory.swift in Sources */ = {isa = PBXBuildFile; fileRef = B7D25ACF264BD2DE00CC835A /* DemoPageComponentsFactory.swift */; };
		B7D25AD3264BDD3F00CC835A /* CustomMapControlsDemoView.swift in Sources */ = {isa = PBXBuildFile; fileRef = B7D25AD2264BDD3F00CC835A /* CustomMapControlsDemoView.swift */; };
		B7D25AD5264BDD4D00CC835A /* CustomMapControlsDemoViewModel.swift in Sources */ = {isa = PBXBuildFile; fileRef = B7D25AD4264BDD4D00CC835A /* CustomMapControlsDemoViewModel.swift */; };
		B7D25ADB264BE09000CC835A /* CustomZoomControl.swift in Sources */ = {isa = PBXBuildFile; fileRef = B7D25ADA264BE09000CC835A /* CustomZoomControl.swift */; };
		B7D25ADD264BF4B600CC835A /* DemoPageListRow.swift in Sources */ = {isa = PBXBuildFile; fileRef = B7D25ADC264BF4B600CC835A /* DemoPageListRow.swift */; };
/* End PBXBuildFile section */

/* Begin PBXCopyFilesBuildPhase section */
		4B09B27C25708F09000E2988 /* Embed Frameworks */ = {
			isa = PBXCopyFilesBuildPhase;
			buildActionMask = 2147483647;
			dstPath = "";
			dstSubfolderSpec = 10;
			files = (
			);
			name = "Embed Frameworks";
			runOnlyForDeploymentPostprocessing = 0;
		};
/* End PBXCopyFilesBuildPhase section */

/* Begin PBXFileReference section */
		0938CAA025B5BBA300100316 /* LocationService.swift */ = {isa = PBXFileReference; lastKnownFileType = sourcecode.swift; path = LocationService.swift; sourceTree = "<group>"; };
		095BE97325B6FF4900D09D75 /* MarkerView.swift */ = {isa = PBXFileReference; lastKnownFileType = sourcecode.swift; path = MarkerView.swift; sourceTree = "<group>"; };
		095BE97525B7042500D09D75 /* MarkerViewModel.swift */ = {isa = PBXFileReference; lastKnownFileType = sourcecode.swift; path = MarkerViewModel.swift; sourceTree = "<group>"; };
		095BE97925B813A000D09D75 /* DetailsActionView.swift */ = {isa = PBXFileReference; lastKnownFileType = sourcecode.swift; path = DetailsActionView.swift; sourceTree = "<group>"; };
		0965342625B575C800FB3FD1 /* README.md */ = {isa = PBXFileReference; fileEncoding = 4; lastKnownFileType = net.daringfireball.markdown; path = README.md; sourceTree = "<group>"; };
		0991909525B96E1C00F4235B /* MapControl.swift */ = {isa = PBXFileReference; lastKnownFileType = sourcecode.swift; path = MapControl.swift; sourceTree = "<group>"; };
		4B0E899D260DEC6B00491C71 /* DGIS.xcconfig */ = {isa = PBXFileReference; lastKnownFileType = text.xcconfig; path = DGIS.xcconfig; sourceTree = "<group>"; };
		4B1354DB24BCCDC7004E8158 /* NativeApp.entitlements */ = {isa = PBXFileReference; lastKnownFileType = text.plist.entitlements; path = NativeApp.entitlements; sourceTree = "<group>"; };
		4B27063124A3F24C00F12B48 /* NativeApp.app */ = {isa = PBXFileReference; explicitFileType = wrapper.application; includeInIndex = 0; path = NativeApp.app; sourceTree = BUILT_PRODUCTS_DIR; };
		4B27063424A3F24C00F12B48 /* AppDelegate.swift */ = {isa = PBXFileReference; lastKnownFileType = sourcecode.swift; path = AppDelegate.swift; sourceTree = "<group>"; };
		4B27063624A3F24C00F12B48 /* SceneDelegate.swift */ = {isa = PBXFileReference; lastKnownFileType = sourcecode.swift; path = SceneDelegate.swift; sourceTree = "<group>"; };
		4B27063D24A3F25000F12B48 /* Assets.xcassets */ = {isa = PBXFileReference; lastKnownFileType = folder.assetcatalog; path = Assets.xcassets; sourceTree = "<group>"; };
		4B27064024A3F25000F12B48 /* Base */ = {isa = PBXFileReference; lastKnownFileType = file.storyboard; name = Base; path = Base.lproj/LaunchScreen.storyboard; sourceTree = "<group>"; };
		4B27064224A3F25000F12B48 /* Info.plist */ = {isa = PBXFileReference; lastKnownFileType = text.plist.xml; path = Info.plist; sourceTree = "<group>"; };
		4B4291642527A49C006E74BE /* SuggestView.swift */ = {isa = PBXFileReference; lastKnownFileType = sourcecode.swift; path = SuggestView.swift; sourceTree = "<group>"; };
		4B4291672527A4DB006E74BE /* SuggestViewModel.swift */ = {isa = PBXFileReference; lastKnownFileType = sourcecode.swift; path = SuggestViewModel.swift; sourceTree = "<group>"; };
		4B96D18D260348C10057C366 /* StylePickerView.swift */ = {isa = PBXFileReference; lastKnownFileType = sourcecode.swift; path = StylePickerView.swift; sourceTree = "<group>"; };
		4B96D18F2603682B0057C366 /* StylePickerViewModel.swift */ = {isa = PBXFileReference; lastKnownFileType = sourcecode.swift; path = StylePickerViewModel.swift; sourceTree = "<group>"; };
		4B96E7782608C14B0057C366 /* GeoRect.swift */ = {isa = PBXFileReference; fileEncoding = 4; lastKnownFileType = sourcecode.swift; path = GeoRect.swift; sourceTree = "<group>"; };
		4B96E7792608C14C0057C366 /* Arcdegree.swift */ = {isa = PBXFileReference; fileEncoding = 4; lastKnownFileType = sourcecode.swift; path = Arcdegree.swift; sourceTree = "<group>"; };
		4B96EBDA2608C5780057C366 /* View+Helpers.swift */ = {isa = PBXFileReference; fileEncoding = 4; lastKnownFileType = sourcecode.swift; path = "View+Helpers.swift"; sourceTree = "<group>"; };
		4B96EBDB2608C5780057C366 /* Channel+Helpers.swift */ = {isa = PBXFileReference; fileEncoding = 4; lastKnownFileType = sourcecode.swift; path = "Channel+Helpers.swift"; sourceTree = "<group>"; };
		4BADDFCB2528016600FBF589 /* SuggestResultView.swift */ = {isa = PBXFileReference; lastKnownFileType = sourcecode.swift; path = SuggestResultView.swift; sourceTree = "<group>"; };
		4BADDFCE252801BC00FBF589 /* SuggestResultViewModel.swift */ = {isa = PBXFileReference; lastKnownFileType = sourcecode.swift; path = SuggestResultViewModel.swift; sourceTree = "<group>"; };
		4BADDFD1252802A500FBF589 /* SearchResultView.swift */ = {isa = PBXFileReference; lastKnownFileType = sourcecode.swift; path = SearchResultView.swift; sourceTree = "<group>"; };
		4BADDFD425282A2400FBF589 /* MarkedUpTextView.swift */ = {isa = PBXFileReference; lastKnownFileType = sourcecode.swift; path = MarkedUpTextView.swift; sourceTree = "<group>"; };
		4BADDFD7252866B200FBF589 /* SearchStore.swift */ = {isa = PBXFileReference; lastKnownFileType = sourcecode.swift; path = SearchStore.swift; sourceTree = "<group>"; };
		4BADDFDA252866F700FBF589 /* SearchService.swift */ = {isa = PBXFileReference; lastKnownFileType = sourcecode.swift; path = SearchService.swift; sourceTree = "<group>"; };
		4BADDFDD25288F9D00FBF589 /* DirectoryObjectView.swift */ = {isa = PBXFileReference; lastKnownFileType = sourcecode.swift; path = DirectoryObjectView.swift; sourceTree = "<group>"; };
		4BADDFE02528941E00FBF589 /* DirectoryObjectViewModel.swift */ = {isa = PBXFileReference; lastKnownFileType = sourcecode.swift; path = DirectoryObjectViewModel.swift; sourceTree = "<group>"; };
		4BADDFE32528947F00FBF589 /* FormattedAddressView.swift */ = {isa = PBXFileReference; lastKnownFileType = sourcecode.swift; path = FormattedAddressView.swift; sourceTree = "<group>"; };
		4BADDFE6252894A100FBF589 /* FormattedAddressViewModel.swift */ = {isa = PBXFileReference; lastKnownFileType = sourcecode.swift; path = FormattedAddressViewModel.swift; sourceTree = "<group>"; };
		4BADDFEA2529AD9C00FBF589 /* SearchNavigation.swift */ = {isa = PBXFileReference; lastKnownFileType = sourcecode.swift; path = SearchNavigation.swift; sourceTree = "<group>"; };
		4BADDFF3252A32AC00FBF589 /* SeachState.swift */ = {isa = PBXFileReference; lastKnownFileType = sourcecode.swift; path = SeachState.swift; sourceTree = "<group>"; };
		4BADDFF6252A33CD00FBF589 /* SearchReducer.swift */ = {isa = PBXFileReference; lastKnownFileType = sourcecode.swift; path = SearchReducer.swift; sourceTree = "<group>"; };
		4BADDFFB252AD63800FBF589 /* SearchAction.swift */ = {isa = PBXFileReference; lastKnownFileType = sourcecode.swift; path = SearchAction.swift; sourceTree = "<group>"; };
		4BBE7E1D25264DA200D7EBDB /* RootView.swift */ = {isa = PBXFileReference; lastKnownFileType = sourcecode.swift; path = RootView.swift; sourceTree = "<group>"; };
		4BBE7E1F25264F2B00D7EBDB /* MapView.swift */ = {isa = PBXFileReference; lastKnownFileType = sourcecode.swift; path = MapView.swift; sourceTree = "<group>"; };
		4BBE80142526D8FE00D7EBDB /* SearchView.swift */ = {isa = PBXFileReference; lastKnownFileType = sourcecode.swift; path = SearchView.swift; sourceTree = "<group>"; };
		4BBE80172526D92C00D7EBDB /* SearchViewModel.swift */ = {isa = PBXFileReference; lastKnownFileType = sourcecode.swift; path = SearchViewModel.swift; sourceTree = "<group>"; };
		4BBE801A2526D98600D7EBDB /* SearchResultItemViewModel.swift */ = {isa = PBXFileReference; lastKnownFileType = sourcecode.swift; path = SearchResultItemViewModel.swift; sourceTree = "<group>"; };
		4BBE80212526DCA200D7EBDB /* SearchResultItemView.swift */ = {isa = PBXFileReference; lastKnownFileType = sourcecode.swift; path = SearchResultItemView.swift; sourceTree = "<group>"; };
		4BBE80252526DFB100D7EBDB /* RootViewModel.swift */ = {isa = PBXFileReference; lastKnownFileType = sourcecode.swift; path = RootViewModel.swift; sourceTree = "<group>"; };
		4BBE80282526E22F00D7EBDB /* SearchResultViewModel.swift */ = {isa = PBXFileReference; lastKnownFileType = sourcecode.swift; path = SearchResultViewModel.swift; sourceTree = "<group>"; };
		4BBE802C2526F8A600D7EBDB /* RootViewFactory.swift */ = {isa = PBXFileReference; lastKnownFileType = sourcecode.swift; path = RootViewFactory.swift; sourceTree = "<group>"; };
		4BBE802F2526FB0D00D7EBDB /* Container.swift */ = {isa = PBXFileReference; lastKnownFileType = sourcecode.swift; path = Container.swift; sourceTree = "<group>"; };
		64226DFB26B1B5ED0058E3D9 /* ClusteringDemoViewModel.swift */ = {isa = PBXFileReference; fileEncoding = 4; lastKnownFileType = sourcecode.swift; path = ClusteringDemoViewModel.swift; sourceTree = "<group>"; };
		64226DFC26B1B5ED0058E3D9 /* ClusteringDemoView.swift */ = {isa = PBXFileReference; fileEncoding = 4; lastKnownFileType = sourcecode.swift; path = ClusteringDemoView.swift; sourceTree = "<group>"; };
		64226E0026B1B5F70058E3D9 /* FpsDemoView.swift */ = {isa = PBXFileReference; fileEncoding = 4; lastKnownFileType = sourcecode.swift; path = FpsDemoView.swift; sourceTree = "<group>"; };
		64226E0126B1B5F70058E3D9 /* FpsDemoViewModel.swift */ = {isa = PBXFileReference; fileEncoding = 4; lastKnownFileType = sourcecode.swift; path = FpsDemoViewModel.swift; sourceTree = "<group>"; };
		B709913825F9CBCF00B2F1A5 /* MapObjectCardView.swift */ = {isa = PBXFileReference; lastKnownFileType = sourcecode.swift; path = MapObjectCardView.swift; sourceTree = "<group>"; };
		B709914B25FA11CD00B2F1A5 /* MapObjectCardViewModel.swift */ = {isa = PBXFileReference; lastKnownFileType = sourcecode.swift; path = MapObjectCardViewModel.swift; sourceTree = "<group>"; };
		B709914E25FA6B6F00B2F1A5 /* RenderedObjectInfo+Helpers.swift */ = {isa = PBXFileReference; lastKnownFileType = sourcecode.swift; path = "RenderedObjectInfo+Helpers.swift"; sourceTree = "<group>"; };
		B709915025FA6B9D00B2F1A5 /* GeoPoint+Helpers.swift */ = {isa = PBXFileReference; lastKnownFileType = sourcecode.swift; path = "GeoPoint+Helpers.swift"; sourceTree = "<group>"; };
		B709915425FA72A600B2F1A5 /* Future+Helpers.swift */ = {isa = PBXFileReference; lastKnownFileType = sourcecode.swift; path = "Future+Helpers.swift"; sourceTree = "<group>"; };
		B710FF02265FC8FA004659E8 /* MapThemeDemoView.swift */ = {isa = PBXFileReference; lastKnownFileType = sourcecode.swift; path = MapThemeDemoView.swift; sourceTree = "<group>"; };
		B710FF04265FC908004659E8 /* MapThemeDemoViewModel.swift */ = {isa = PBXFileReference; lastKnownFileType = sourcecode.swift; path = MapThemeDemoViewModel.swift; sourceTree = "<group>"; };
		B737070F266D04D30043C0FA /* Button+Factory.swift */ = {isa = PBXFileReference; lastKnownFileType = sourcecode.swift; path = "Button+Factory.swift"; sourceTree = "<group>"; };
		B7D236C32643E16F00CC835A /* CustomMapStyleDemoView.swift */ = {isa = PBXFileReference; lastKnownFileType = sourcecode.swift; path = CustomMapStyleDemoView.swift; sourceTree = "<group>"; };
		B7D236C52643E1D100CC835A /* CustomMapStyleDemoViewModel.swift */ = {isa = PBXFileReference; lastKnownFileType = sourcecode.swift; path = CustomMapStyleDemoViewModel.swift; sourceTree = "<group>"; };
		B7D24AE82646D15C00CC835A /* TouchUpRecognizer.swift */ = {isa = PBXFileReference; lastKnownFileType = sourcecode.swift; path = TouchUpRecognizer.swift; sourceTree = "<group>"; };
		B7D24AEE2646D46D00CC835A /* SearchDemoView.swift */ = {isa = PBXFileReference; lastKnownFileType = sourcecode.swift; path = SearchDemoView.swift; sourceTree = "<group>"; };
		B7D24AF02646D47A00CC835A /* SearchDemoViewModel.swift */ = {isa = PBXFileReference; lastKnownFileType = sourcecode.swift; path = SearchDemoViewModel.swift; sourceTree = "<group>"; };
		B7D24AF22646D55700CC835A /* DemoPage.swift */ = {isa = PBXFileReference; lastKnownFileType = sourcecode.swift; path = DemoPage.swift; sourceTree = "<group>"; };
		B7D24AF52646DDDA00CC835A /* CameraDemoView.swift */ = {isa = PBXFileReference; lastKnownFileType = sourcecode.swift; path = CameraDemoView.swift; sourceTree = "<group>"; };
		B7D24AF72646E35500CC835A /* CameraDemoViewModel.swift */ = {isa = PBXFileReference; lastKnownFileType = sourcecode.swift; path = CameraDemoViewModel.swift; sourceTree = "<group>"; };
		B7D251CD264A6AE800CC835A /* MarkersDemoView.swift */ = {isa = PBXFileReference; lastKnownFileType = sourcecode.swift; path = MarkersDemoView.swift; sourceTree = "<group>"; };
		B7D251CF264A6AFF00CC835A /* MarkersDemoViewModel.swift */ = {isa = PBXFileReference; lastKnownFileType = sourcecode.swift; path = MarkersDemoViewModel.swift; sourceTree = "<group>"; };
		B7D251D2264A77C100CC835A /* VisibleAreaDetectionDemoView.swift */ = {isa = PBXFileReference; lastKnownFileType = sourcecode.swift; path = VisibleAreaDetectionDemoView.swift; sourceTree = "<group>"; };
		B7D251D4264A77D100CC835A /* VisibleAreaDetectionDemoViewModel.swift */ = {isa = PBXFileReference; lastKnownFileType = sourcecode.swift; path = VisibleAreaDetectionDemoViewModel.swift; sourceTree = "<group>"; };
		B7D25ACB264B970100CC835A /* MapObjectsIdentificationDemoView.swift */ = {isa = PBXFileReference; lastKnownFileType = sourcecode.swift; path = MapObjectsIdentificationDemoView.swift; sourceTree = "<group>"; };
		B7D25ACD264B971300CC835A /* MapObjectsIdentificationDemoViewModel.swift */ = {isa = PBXFileReference; lastKnownFileType = sourcecode.swift; path = MapObjectsIdentificationDemoViewModel.swift; sourceTree = "<group>"; };
		B7D25ACF264BD2DE00CC835A /* DemoPageComponentsFactory.swift */ = {isa = PBXFileReference; lastKnownFileType = sourcecode.swift; path = DemoPageComponentsFactory.swift; sourceTree = "<group>"; };
		B7D25AD2264BDD3F00CC835A /* CustomMapControlsDemoView.swift */ = {isa = PBXFileReference; lastKnownFileType = sourcecode.swift; path = CustomMapControlsDemoView.swift; sourceTree = "<group>"; };
		B7D25AD4264BDD4D00CC835A /* CustomMapControlsDemoViewModel.swift */ = {isa = PBXFileReference; lastKnownFileType = sourcecode.swift; path = CustomMapControlsDemoViewModel.swift; sourceTree = "<group>"; };
		B7D25ADA264BE09000CC835A /* CustomZoomControl.swift */ = {isa = PBXFileReference; fileEncoding = 4; lastKnownFileType = sourcecode.swift; path = CustomZoomControl.swift; sourceTree = "<group>"; };
		B7D25ADC264BF4B600CC835A /* DemoPageListRow.swift */ = {isa = PBXFileReference; lastKnownFileType = sourcecode.swift; path = DemoPageListRow.swift; sourceTree = "<group>"; };
/* End PBXFileReference section */

/* Begin PBXFrameworksBuildPhase section */
		4B27062E24A3F24C00F12B48 /* Frameworks */ = {
			isa = PBXFrameworksBuildPhase;
			buildActionMask = 2147483647;
			files = (
				64A28EC426985B2000E7214B /* MapSDK in Frameworks */,
			);
			runOnlyForDeploymentPostprocessing = 0;
		};
/* End PBXFrameworksBuildPhase section */

/* Begin PBXGroup section */
		0938CA9F25B5BB8A00100316 /* LocationService */ = {
			isa = PBXGroup;
			children = (
				0938CAA025B5BBA300100316 /* LocationService.swift */,
			);
			path = LocationService;
			sourceTree = "<group>";
		};
		095BE97225B6FF3700D09D75 /* Marker */ = {
			isa = PBXGroup;
			children = (
				095BE97325B6FF4900D09D75 /* MarkerView.swift */,
				095BE97525B7042500D09D75 /* MarkerViewModel.swift */,
				095BE97925B813A000D09D75 /* DetailsActionView.swift */,
			);
			path = Marker;
			sourceTree = "<group>";
		};
		4B27062824A3F24C00F12B48 = {
			isa = PBXGroup;
			children = (
				0965342625B575C800FB3FD1 /* README.md */,
				4B27063324A3F24C00F12B48 /* app */,
				4B27063224A3F24C00F12B48 /* Products */,
				4BE8E9EA24A510A50036D2CC /* Frameworks */,
			);
			sourceTree = "<group>";
		};
		4B27063224A3F24C00F12B48 /* Products */ = {
			isa = PBXGroup;
			children = (
				4B27063124A3F24C00F12B48 /* NativeApp.app */,
			);
			name = Products;
			sourceTree = "<group>";
		};
		4B27063324A3F24C00F12B48 /* app */ = {
			isa = PBXGroup;
			children = (
				4B27063424A3F24C00F12B48 /* AppDelegate.swift */,
				4BBE802F2526FB0D00D7EBDB /* Container.swift */,
				4B1354DB24BCCDC7004E8158 /* NativeApp.entitlements */,
				4B27063624A3F24C00F12B48 /* SceneDelegate.swift */,
				B709914D25FA6B1000B2F1A5 /* Extensions */,
				B7D24AEC2646D40900CC835A /* Models */,
				B7D236C12643E13400CC835A /* Views */,
				B7D24AEB2646D3F800CC835A /* Services */,
				4B27063D24A3F25000F12B48 /* Assets.xcassets */,
				4B27063F24A3F25000F12B48 /* LaunchScreen.storyboard */,
				4B27064224A3F25000F12B48 /* Info.plist */,
				4B0E899D260DEC6B00491C71 /* DGIS.xcconfig */,
			);
			path = app;
			sourceTree = "<group>";
		};
		4B96D18C2603489C0057C366 /* StylePickerView */ = {
			isa = PBXGroup;
			children = (
				4B96D18D260348C10057C366 /* StylePickerView.swift */,
				4B96D18F2603682B0057C366 /* StylePickerViewModel.swift */,
			);
			path = StylePickerView;
			sourceTree = "<group>";
		};
		4B96D5F12607BA9B0057C366 /* SDKTypes */ = {
			isa = PBXGroup;
			children = (
				4B96E7792608C14C0057C366 /* Arcdegree.swift */,
				4B96E7782608C14B0057C366 /* GeoRect.swift */,
			);
			path = SDKTypes;
			sourceTree = "<group>";
		};
		4BBE822A252741EE00D7EBDB /* Root */ = {
			isa = PBXGroup;
			children = (
				B7D25ACF264BD2DE00CC835A /* DemoPageComponentsFactory.swift */,
				B7D25ADC264BF4B600CC835A /* DemoPageListRow.swift */,
				4BBE7E1D25264DA200D7EBDB /* RootView.swift */,
				4BBE802C2526F8A600D7EBDB /* RootViewFactory.swift */,
				4BBE80252526DFB100D7EBDB /* RootViewModel.swift */,
			);
			path = Root;
			sourceTree = "<group>";
		};
		4BBE822B2527420900D7EBDB /* SearchView */ = {
			isa = PBXGroup;
			children = (
				4BBE80142526D8FE00D7EBDB /* SearchView.swift */,
				4BBE80172526D92C00D7EBDB /* SearchViewModel.swift */,
				4BADDFD1252802A500FBF589 /* SearchResultView.swift */,
				4BBE80282526E22F00D7EBDB /* SearchResultViewModel.swift */,
				4BBE80212526DCA200D7EBDB /* SearchResultItemView.swift */,
				4BBE801A2526D98600D7EBDB /* SearchResultItemViewModel.swift */,
				4BADDFCB2528016600FBF589 /* SuggestResultView.swift */,
				4BADDFCE252801BC00FBF589 /* SuggestResultViewModel.swift */,
				4B4291642527A49C006E74BE /* SuggestView.swift */,
				4B4291672527A4DB006E74BE /* SuggestViewModel.swift */,
				4BADDFD425282A2400FBF589 /* MarkedUpTextView.swift */,
				4BADDFDD25288F9D00FBF589 /* DirectoryObjectView.swift */,
				4BADDFE02528941E00FBF589 /* DirectoryObjectViewModel.swift */,
				4BADDFE32528947F00FBF589 /* FormattedAddressView.swift */,
				4BADDFE6252894A100FBF589 /* FormattedAddressViewModel.swift */,
			);
			path = SearchView;
			sourceTree = "<group>";
		};
		4BBE822C2527422000D7EBDB /* Map */ = {
			isa = PBXGroup;
			children = (
				4BBE7E1F25264F2B00D7EBDB /* MapView.swift */,
				0991909525B96E1C00F4235B /* MapControl.swift */,
			);
			path = Map;
			sourceTree = "<group>";
		};
		4BE8E9EA24A510A50036D2CC /* Frameworks */ = {
			isa = PBXGroup;
			children = (
			);
			name = Frameworks;
			sourceTree = "<group>";
		};
		64226DFA26B1B5ED0058E3D9 /* Clustering */ = {
			isa = PBXGroup;
			children = (
				64226DFB26B1B5ED0058E3D9 /* ClusteringDemoViewModel.swift */,
				64226DFC26B1B5ED0058E3D9 /* ClusteringDemoView.swift */,
			);
			path = Clustering;
			sourceTree = "<group>";
		};
		64226DFF26B1B5F70058E3D9 /* Fps */ = {
			isa = PBXGroup;
			children = (
				64226E0026B1B5F70058E3D9 /* FpsDemoView.swift */,
				64226E0126B1B5F70058E3D9 /* FpsDemoViewModel.swift */,
			);
			path = Fps;
			sourceTree = "<group>";
		};
		B709914A25FA0FD700B2F1A5 /* MapObjectCardView */ = {
			isa = PBXGroup;
			children = (
				B709913825F9CBCF00B2F1A5 /* MapObjectCardView.swift */,
				B709914B25FA11CD00B2F1A5 /* MapObjectCardViewModel.swift */,
			);
			path = MapObjectCardView;
			sourceTree = "<group>";
		};
		B709914D25FA6B1000B2F1A5 /* Extensions */ = {
			isa = PBXGroup;
			children = (
				B709914E25FA6B6F00B2F1A5 /* RenderedObjectInfo+Helpers.swift */,
				B709915025FA6B9D00B2F1A5 /* GeoPoint+Helpers.swift */,
				B709915425FA72A600B2F1A5 /* Future+Helpers.swift */,
				4B96EBDB2608C5780057C366 /* Channel+Helpers.swift */,
				4B96EBDA2608C5780057C366 /* View+Helpers.swift */,
			);
			path = Extensions;
			sourceTree = "<group>";
		};
		B710FF01265FC8C7004659E8 /* MapTheme */ = {
			isa = PBXGroup;
			children = (
				B710FF02265FC8FA004659E8 /* MapThemeDemoView.swift */,
				B710FF04265FC908004659E8 /* MapThemeDemoViewModel.swift */,
			);
			path = MapTheme;
			sourceTree = "<group>";
		};
		B737070E266D04970043C0FA /* Common */ = {
			isa = PBXGroup;
			children = (
				B737070F266D04D30043C0FA /* Button+Factory.swift */,
			);
			path = Common;
			sourceTree = "<group>";
		};
		B7D236C12643E13400CC835A /* Views */ = {
			isa = PBXGroup;
			children = (
				B737070E266D04970043C0FA /* Common */,
				B7D236C22643E14700CC835A /* DemoPages */,
				4BBE822C2527422000D7EBDB /* Map */,
				4BBE822A252741EE00D7EBDB /* Root */,
				B7D24AE72646D14700CC835A /* ViewModifiers */,
			);
			path = Views;
			sourceTree = "<group>";
		};
		B7D236C22643E14700CC835A /* DemoPages */ = {
			isa = PBXGroup;
			children = (
				B7D24AF42646DDB800CC835A /* Camera */,
				64226DFA26B1B5ED0058E3D9 /* Clustering */,
				B7D25AD1264BDD1100CC835A /* СustomMapControls */,
				B7D24AEA2646D1BF00CC835A /* CustomMapStyle */,
				64226DFF26B1B5F70058E3D9 /* Fps */,
				B7D25ACA264B96E500CC835A /* MapObjectsIdentification */,
				B710FF01265FC8C7004659E8 /* MapTheme */,
				B7D251CC264A6AC800CC835A /* Markers */,
				B7D24AED2646D45400CC835A /* Search */,
				B7D251D1264A6ED200CC835A /* VisibleAreaDetection */,
			);
			path = DemoPages;
			sourceTree = "<group>";
		};
		B7D24AE72646D14700CC835A /* ViewModifiers */ = {
			isa = PBXGroup;
			children = (
				B7D24AE82646D15C00CC835A /* TouchUpRecognizer.swift */,
			);
			path = ViewModifiers;
			sourceTree = "<group>";
		};
		B7D24AEA2646D1BF00CC835A /* CustomMapStyle */ = {
			isa = PBXGroup;
			children = (
				B7D236C32643E16F00CC835A /* CustomMapStyleDemoView.swift */,
				B7D236C52643E1D100CC835A /* CustomMapStyleDemoViewModel.swift */,
				4B96D18C2603489C0057C366 /* StylePickerView */,
			);
			path = CustomMapStyle;
			sourceTree = "<group>";
		};
		B7D24AEB2646D3F800CC835A /* Services */ = {
			isa = PBXGroup;
			children = (
				B7D251CB264A65DF00CC835A /* Search */,
				0938CA9F25B5BB8A00100316 /* LocationService */,
			);
			path = Services;
			sourceTree = "<group>";
		};
		B7D24AEC2646D40900CC835A /* Models */ = {
			isa = PBXGroup;
			children = (
				4B96D5F12607BA9B0057C366 /* SDKTypes */,
				B7D24AF22646D55700CC835A /* DemoPage.swift */,
			);
			path = Models;
			sourceTree = "<group>";
		};
		B7D24AED2646D45400CC835A /* Search */ = {
			isa = PBXGroup;
			children = (
				B7D24AEE2646D46D00CC835A /* SearchDemoView.swift */,
				B7D24AF02646D47A00CC835A /* SearchDemoViewModel.swift */,
				4BBE822B2527420900D7EBDB /* SearchView */,
			);
			path = Search;
			sourceTree = "<group>";
		};
		B7D24AF42646DDB800CC835A /* Camera */ = {
			isa = PBXGroup;
			children = (
				B7D24AF52646DDDA00CC835A /* CameraDemoView.swift */,
				B7D24AF72646E35500CC835A /* CameraDemoViewModel.swift */,
			);
			path = Camera;
			sourceTree = "<group>";
		};
		B7D251CB264A65DF00CC835A /* Search */ = {
			isa = PBXGroup;
			children = (
				4BADDFD7252866B200FBF589 /* SearchStore.swift */,
				4BADDFF3252A32AC00FBF589 /* SeachState.swift */,
				4BADDFFB252AD63800FBF589 /* SearchAction.swift */,
				4BADDFF6252A33CD00FBF589 /* SearchReducer.swift */,
				4BADDFDA252866F700FBF589 /* SearchService.swift */,
				4BADDFEA2529AD9C00FBF589 /* SearchNavigation.swift */,
			);
			path = Search;
			sourceTree = "<group>";
		};
		B7D251CC264A6AC800CC835A /* Markers */ = {
			isa = PBXGroup;
			children = (
				B7D251CD264A6AE800CC835A /* MarkersDemoView.swift */,
				B7D251CF264A6AFF00CC835A /* MarkersDemoViewModel.swift */,
				095BE97225B6FF3700D09D75 /* Marker */,
			);
			path = Markers;
			sourceTree = "<group>";
		};
		B7D251D1264A6ED200CC835A /* VisibleAreaDetection */ = {
			isa = PBXGroup;
			children = (
				B7D251D2264A77C100CC835A /* VisibleAreaDetectionDemoView.swift */,
				B7D251D4264A77D100CC835A /* VisibleAreaDetectionDemoViewModel.swift */,
			);
			path = VisibleAreaDetection;
			sourceTree = "<group>";
		};
		B7D25ACA264B96E500CC835A /* MapObjectsIdentification */ = {
			isa = PBXGroup;
			children = (
				B7D25ACB264B970100CC835A /* MapObjectsIdentificationDemoView.swift */,
				B7D25ACD264B971300CC835A /* MapObjectsIdentificationDemoViewModel.swift */,
				B709914A25FA0FD700B2F1A5 /* MapObjectCardView */,
			);
			path = MapObjectsIdentification;
			sourceTree = "<group>";
		};
		B7D25AD1264BDD1100CC835A /* СustomMapControls */ = {
			isa = PBXGroup;
			children = (
				B7D25AD2264BDD3F00CC835A /* CustomMapControlsDemoView.swift */,
				B7D25AD4264BDD4D00CC835A /* CustomMapControlsDemoViewModel.swift */,
				B7D25AD9264BE09000CC835A /* CustomZoomControl */,
			);
			path = "СustomMapControls";
			sourceTree = "<group>";
		};
		B7D25AD9264BE09000CC835A /* CustomZoomControl */ = {
			isa = PBXGroup;
			children = (
				B7D25ADA264BE09000CC835A /* CustomZoomControl.swift */,
			);
			path = CustomZoomControl;
			sourceTree = "<group>";
		};
/* End PBXGroup section */

/* Begin PBXNativeTarget section */
		4B27063024A3F24C00F12B48 /* app */ = {
			isa = PBXNativeTarget;
			buildConfigurationList = 4B27064524A3F25000F12B48 /* Build configuration list for PBXNativeTarget "app" */;
			buildPhases = (
				4B27062D24A3F24C00F12B48 /* Sources */,
				4B27062E24A3F24C00F12B48 /* Frameworks */,
				4B27062F24A3F24C00F12B48 /* Resources */,
				4B09B27C25708F09000E2988 /* Embed Frameworks */,
			);
			buildRules = (
			);
			dependencies = (
			);
			name = app;
			packageProductDependencies = (
				64A28EC326985B2000E7214B /* MapSDK */,
			);
			productName = app;
			productReference = 4B27063124A3F24C00F12B48 /* NativeApp.app */;
			productType = "com.apple.product-type.application";
		};
/* End PBXNativeTarget section */

/* Begin PBXProject section */
		4B27062924A3F24C00F12B48 /* Project object */ = {
			isa = PBXProject;
			attributes = {
				LastSwiftUpdateCheck = 1150;
				LastUpgradeCheck = 1230;
				ORGANIZATIONNAME = 2GIS;
				TargetAttributes = {
					4B27063024A3F24C00F12B48 = {
						CreatedOnToolsVersion = 11.5;
					};
				};
			};
			buildConfigurationList = 4B27062C24A3F24C00F12B48 /* Build configuration list for PBXProject "app" */;
			compatibilityVersion = "Xcode 9.3";
			developmentRegion = en;
			hasScannedForEncodings = 0;
			knownRegions = (
				en,
				Base,
			);
			mainGroup = 4B27062824A3F24C00F12B48;
			packageReferences = (
				64A28EC226985B2000E7214B /* XCRemoteSwiftPackageReference "mobile-sdk-map-swift-package" */,
			);
			productRefGroup = 4B27063224A3F24C00F12B48 /* Products */;
			projectDirPath = "";
			projectRoot = "";
			targets = (
				4B27063024A3F24C00F12B48 /* app */,
			);
		};
/* End PBXProject section */

/* Begin PBXResourcesBuildPhase section */
		4B27062F24A3F24C00F12B48 /* Resources */ = {
			isa = PBXResourcesBuildPhase;
			buildActionMask = 2147483647;
			files = (
				0965342725B575C800FB3FD1 /* README.md in Resources */,
				4B27064124A3F25000F12B48 /* LaunchScreen.storyboard in Resources */,
				4B27063E24A3F25000F12B48 /* Assets.xcassets in Resources */,
			);
			runOnlyForDeploymentPostprocessing = 0;
		};
/* End PBXResourcesBuildPhase section */

/* Begin PBXSourcesBuildPhase section */
		4B27062D24A3F24C00F12B48 /* Sources */ = {
			isa = PBXSourcesBuildPhase;
			buildActionMask = 2147483647;
			files = (
				4BBE80262526DFB100D7EBDB /* RootViewModel.swift in Sources */,
				64226DFD26B1B5ED0058E3D9 /* ClusteringDemoViewModel.swift in Sources */,
				4BADDFF7252A33CD00FBF589 /* SearchReducer.swift in Sources */,
				4BADDFCC2528016600FBF589 /* SuggestResultView.swift in Sources */,
				4BADDFEB2529AD9C00FBF589 /* SearchNavigation.swift in Sources */,
				B709913925F9CBCF00B2F1A5 /* MapObjectCardView.swift in Sources */,
				4B96E77A2608C14C0057C366 /* GeoRect.swift in Sources */,
				4B96EBDD2608C5780057C366 /* Channel+Helpers.swift in Sources */,
				B7D25ACC264B970100CC835A /* MapObjectsIdentificationDemoView.swift in Sources */,
				4B4291682527A4DB006E74BE /* SuggestViewModel.swift in Sources */,
				4BBE80292526E22F00D7EBDB /* SearchResultViewModel.swift in Sources */,
				B7D25ACE264B971300CC835A /* MapObjectsIdentificationDemoViewModel.swift in Sources */,
				0938CAA125B5BBA300100316 /* LocationService.swift in Sources */,
				B7D251D0264A6AFF00CC835A /* MarkersDemoViewModel.swift in Sources */,
				4BADDFD525282A2400FBF589 /* MarkedUpTextView.swift in Sources */,
				095BE97625B7042500D09D75 /* MarkerViewModel.swift in Sources */,
				B709915525FA72A600B2F1A5 /* Future+Helpers.swift in Sources */,
				B709914C25FA11CD00B2F1A5 /* MapObjectCardViewModel.swift in Sources */,
				B709915125FA6B9D00B2F1A5 /* GeoPoint+Helpers.swift in Sources */,
				4BADDFCF252801BD00FBF589 /* SuggestResultViewModel.swift in Sources */,
				4B27063524A3F24C00F12B48 /* AppDelegate.swift in Sources */,
				4BADDFE12528941E00FBF589 /* DirectoryObjectViewModel.swift in Sources */,
				4BBE801B2526D98600D7EBDB /* SearchResultItemViewModel.swift in Sources */,
				4B96EBDC2608C5780057C366 /* View+Helpers.swift in Sources */,
				4BBE7E2025264F2B00D7EBDB /* MapView.swift in Sources */,
				B7D251D5264A77D100CC835A /* VisibleAreaDetectionDemoViewModel.swift in Sources */,
				B7D251D3264A77C100CC835A /* VisibleAreaDetectionDemoView.swift in Sources */,
				B7370710266D04D30043C0FA /* Button+Factory.swift in Sources */,
				B7D24AF32646D55700CC835A /* DemoPage.swift in Sources */,
				4BADDFE7252894A100FBF589 /* FormattedAddressViewModel.swift in Sources */,
				B7D24AF62646DDDA00CC835A /* CameraDemoView.swift in Sources */,
				4BADDFF4252A32AD00FBF589 /* SeachState.swift in Sources */,
				4BBE7E1E25264DA200D7EBDB /* RootView.swift in Sources */,
				B7D24AF82646E35500CC835A /* CameraDemoViewModel.swift in Sources */,
				B7D25AD5264BDD4D00CC835A /* CustomMapControlsDemoViewModel.swift in Sources */,
				4BBE802D2526F8A600D7EBDB /* RootViewFactory.swift in Sources */,
				4BBE80222526DCA200D7EBDB /* SearchResultItemView.swift in Sources */,
				B7D236C42643E16F00CC835A /* CustomMapStyleDemoView.swift in Sources */,
				4BADDFFC252AD63800FBF589 /* SearchAction.swift in Sources */,
				B7D25ADB264BE09000CC835A /* CustomZoomControl.swift in Sources */,
				64226E0226B1B5F70058E3D9 /* FpsDemoView.swift in Sources */,
				B7D24AF12646D47A00CC835A /* SearchDemoViewModel.swift in Sources */,
				4BADDFE42528947F00FBF589 /* FormattedAddressView.swift in Sources */,
				4BADDFDE25288F9D00FBF589 /* DirectoryObjectView.swift in Sources */,
				B710FF03265FC8FA004659E8 /* MapThemeDemoView.swift in Sources */,
				4BBE80152526D8FE00D7EBDB /* SearchView.swift in Sources */,
				4BADDFD8252866B300FBF589 /* SearchStore.swift in Sources */,
				095BE97A25B813A000D09D75 /* DetailsActionView.swift in Sources */,
				B7D24AEF2646D46D00CC835A /* SearchDemoView.swift in Sources */,
				4B96E77B2608C14C0057C366 /* Arcdegree.swift in Sources */,
				B7D236C62643E1D100CC835A /* CustomMapStyleDemoViewModel.swift in Sources */,
				64226E0326B1B5F70058E3D9 /* FpsDemoViewModel.swift in Sources */,
				B7D24AE92646D15C00CC835A /* TouchUpRecognizer.swift in Sources */,
				64226DFE26B1B5ED0058E3D9 /* ClusteringDemoView.swift in Sources */,
				4BADDFD2252802A500FBF589 /* SearchResultView.swift in Sources */,
				4B96D1902603682B0057C366 /* StylePickerViewModel.swift in Sources */,
				0991909625B96E1C00F4235B /* MapControl.swift in Sources */,
				B7D25AD3264BDD3F00CC835A /* CustomMapControlsDemoView.swift in Sources */,
				4B4291652527A49C006E74BE /* SuggestView.swift in Sources */,
				B709914F25FA6B6F00B2F1A5 /* RenderedObjectInfo+Helpers.swift in Sources */,
				B7D251CE264A6AE800CC835A /* MarkersDemoView.swift in Sources */,
				4B96D18E260348C10057C366 /* StylePickerView.swift in Sources */,
				B7D25AD0264BD2DE00CC835A /* DemoPageComponentsFactory.swift in Sources */,
				B7D25ADD264BF4B600CC835A /* DemoPageListRow.swift in Sources */,
				B710FF05265FC908004659E8 /* MapThemeDemoViewModel.swift in Sources */,
				4BBE80302526FB0D00D7EBDB /* Container.swift in Sources */,
				4BADDFDB252866F700FBF589 /* SearchService.swift in Sources */,
				4B27063724A3F24C00F12B48 /* SceneDelegate.swift in Sources */,
				095BE97425B6FF4900D09D75 /* MarkerView.swift in Sources */,
				4BBE80182526D92C00D7EBDB /* SearchViewModel.swift in Sources */,
			);
			runOnlyForDeploymentPostprocessing = 0;
		};
/* End PBXSourcesBuildPhase section */

/* Begin PBXVariantGroup section */
		4B27063F24A3F25000F12B48 /* LaunchScreen.storyboard */ = {
			isa = PBXVariantGroup;
			children = (
				4B27064024A3F25000F12B48 /* Base */,
			);
			name = LaunchScreen.storyboard;
			sourceTree = "<group>";
		};
/* End PBXVariantGroup section */

/* Begin XCBuildConfiguration section */
		4B27064324A3F25000F12B48 /* Debug */ = {
			isa = XCBuildConfiguration;
			buildSettings = {
				ALWAYS_SEARCH_USER_PATHS = NO;
				CLANG_ANALYZER_NONNULL = YES;
				CLANG_ANALYZER_NUMBER_OBJECT_CONVERSION = YES_AGGRESSIVE;
				CLANG_CXX_LANGUAGE_STANDARD = "gnu++14";
				CLANG_CXX_LIBRARY = "libc++";
				CLANG_ENABLE_MODULES = YES;
				CLANG_ENABLE_OBJC_ARC = YES;
				CLANG_ENABLE_OBJC_WEAK = YES;
				CLANG_WARN_BLOCK_CAPTURE_AUTORELEASING = YES;
				CLANG_WARN_BOOL_CONVERSION = YES;
				CLANG_WARN_COMMA = YES;
				CLANG_WARN_CONSTANT_CONVERSION = YES;
				CLANG_WARN_DEPRECATED_OBJC_IMPLEMENTATIONS = YES;
				CLANG_WARN_DIRECT_OBJC_ISA_USAGE = YES_ERROR;
				CLANG_WARN_DOCUMENTATION_COMMENTS = YES;
				CLANG_WARN_EMPTY_BODY = YES;
				CLANG_WARN_ENUM_CONVERSION = YES;
				CLANG_WARN_INFINITE_RECURSION = YES;
				CLANG_WARN_INT_CONVERSION = YES;
				CLANG_WARN_NON_LITERAL_NULL_CONVERSION = YES;
				CLANG_WARN_OBJC_IMPLICIT_RETAIN_SELF = YES;
				CLANG_WARN_OBJC_LITERAL_CONVERSION = YES;
				CLANG_WARN_OBJC_ROOT_CLASS = YES_ERROR;
				CLANG_WARN_QUOTED_INCLUDE_IN_FRAMEWORK_HEADER = YES;
				CLANG_WARN_RANGE_LOOP_ANALYSIS = YES;
				CLANG_WARN_STRICT_PROTOTYPES = YES;
				CLANG_WARN_SUSPICIOUS_MOVE = YES;
				CLANG_WARN_UNGUARDED_AVAILABILITY = YES_AGGRESSIVE;
				CLANG_WARN_UNREACHABLE_CODE = YES;
				CLANG_WARN__DUPLICATE_METHOD_MATCH = YES;
				COPY_PHASE_STRIP = NO;
				DEBUG_INFORMATION_FORMAT = dwarf;
				ENABLE_STRICT_OBJC_MSGSEND = YES;
				ENABLE_TESTABILITY = YES;
				GCC_C_LANGUAGE_STANDARD = gnu11;
				GCC_DYNAMIC_NO_PIC = NO;
				GCC_NO_COMMON_BLOCKS = YES;
				GCC_OPTIMIZATION_LEVEL = 0;
				GCC_PREPROCESSOR_DEFINITIONS = (
					"DEBUG=1",
					"$(inherited)",
				);
				GCC_WARN_64_TO_32_BIT_CONVERSION = YES;
				GCC_WARN_ABOUT_RETURN_TYPE = YES_ERROR;
				GCC_WARN_UNDECLARED_SELECTOR = YES;
				GCC_WARN_UNINITIALIZED_AUTOS = YES_AGGRESSIVE;
				GCC_WARN_UNUSED_FUNCTION = YES;
				GCC_WARN_UNUSED_VARIABLE = YES;
				IPHONEOS_DEPLOYMENT_TARGET = 13.0;
				MTL_ENABLE_DEBUG_INFO = INCLUDE_SOURCE;
				MTL_FAST_MATH = YES;
				ONLY_ACTIVE_ARCH = YES;
				SDKROOT = iphoneos;
				SWIFT_ACTIVE_COMPILATION_CONDITIONS = DEBUG;
				SWIFT_OPTIMIZATION_LEVEL = "-Onone";
			};
			name = Debug;
		};
		4B27064424A3F25000F12B48 /* Release */ = {
			isa = XCBuildConfiguration;
			buildSettings = {
				ALWAYS_SEARCH_USER_PATHS = NO;
				CLANG_ANALYZER_NONNULL = YES;
				CLANG_ANALYZER_NUMBER_OBJECT_CONVERSION = YES_AGGRESSIVE;
				CLANG_CXX_LANGUAGE_STANDARD = "gnu++14";
				CLANG_CXX_LIBRARY = "libc++";
				CLANG_ENABLE_MODULES = YES;
				CLANG_ENABLE_OBJC_ARC = YES;
				CLANG_ENABLE_OBJC_WEAK = YES;
				CLANG_WARN_BLOCK_CAPTURE_AUTORELEASING = YES;
				CLANG_WARN_BOOL_CONVERSION = YES;
				CLANG_WARN_COMMA = YES;
				CLANG_WARN_CONSTANT_CONVERSION = YES;
				CLANG_WARN_DEPRECATED_OBJC_IMPLEMENTATIONS = YES;
				CLANG_WARN_DIRECT_OBJC_ISA_USAGE = YES_ERROR;
				CLANG_WARN_DOCUMENTATION_COMMENTS = YES;
				CLANG_WARN_EMPTY_BODY = YES;
				CLANG_WARN_ENUM_CONVERSION = YES;
				CLANG_WARN_INFINITE_RECURSION = YES;
				CLANG_WARN_INT_CONVERSION = YES;
				CLANG_WARN_NON_LITERAL_NULL_CONVERSION = YES;
				CLANG_WARN_OBJC_IMPLICIT_RETAIN_SELF = YES;
				CLANG_WARN_OBJC_LITERAL_CONVERSION = YES;
				CLANG_WARN_OBJC_ROOT_CLASS = YES_ERROR;
				CLANG_WARN_QUOTED_INCLUDE_IN_FRAMEWORK_HEADER = YES;
				CLANG_WARN_RANGE_LOOP_ANALYSIS = YES;
				CLANG_WARN_STRICT_PROTOTYPES = YES;
				CLANG_WARN_SUSPICIOUS_MOVE = YES;
				CLANG_WARN_UNGUARDED_AVAILABILITY = YES_AGGRESSIVE;
				CLANG_WARN_UNREACHABLE_CODE = YES;
				CLANG_WARN__DUPLICATE_METHOD_MATCH = YES;
				COPY_PHASE_STRIP = NO;
				DEBUG_INFORMATION_FORMAT = "dwarf-with-dsym";
				ENABLE_NS_ASSERTIONS = NO;
				ENABLE_STRICT_OBJC_MSGSEND = YES;
				GCC_C_LANGUAGE_STANDARD = gnu11;
				GCC_NO_COMMON_BLOCKS = YES;
				GCC_WARN_64_TO_32_BIT_CONVERSION = YES;
				GCC_WARN_ABOUT_RETURN_TYPE = YES_ERROR;
				GCC_WARN_UNDECLARED_SELECTOR = YES;
				GCC_WARN_UNINITIALIZED_AUTOS = YES_AGGRESSIVE;
				GCC_WARN_UNUSED_FUNCTION = YES;
				GCC_WARN_UNUSED_VARIABLE = YES;
				IPHONEOS_DEPLOYMENT_TARGET = 13.0;
				MTL_ENABLE_DEBUG_INFO = NO;
				MTL_FAST_MATH = YES;
				SDKROOT = iphoneos;
				SWIFT_COMPILATION_MODE = wholemodule;
				SWIFT_OPTIMIZATION_LEVEL = "-O";
				VALIDATE_PRODUCT = YES;
			};
			name = Release;
		};
		4B27064624A3F25000F12B48 /* Debug */ = {
			isa = XCBuildConfiguration;
			baseConfigurationReference = 4B0E899D260DEC6B00491C71 /* DGIS.xcconfig */;
			buildSettings = {
				ASSETCATALOG_COMPILER_APPICON_NAME = AppIcon;
				CODE_SIGN_ENTITLEMENTS = app/NativeApp.entitlements;
				CODE_SIGN_STYLE = Automatic;
				DEVELOPMENT_TEAM = 695938Y5Q8;
				ENABLE_BITCODE = NO;
				INFOPLIST_FILE = app/Info.plist;
				LD_RUNPATH_SEARCH_PATHS = (
					"$(inherited)",
					"@executable_path/Frameworks",
				);
				PRODUCT_BUNDLE_IDENTIFIER = ru.2gis.nativesdk.app;
				PRODUCT_NAME = NativeApp;
				SUPPORTS_MACCATALYST = NO;
				SWIFT_VERSION = 5.0;
				TARGETED_DEVICE_FAMILY = "1,2";
			};
			name = Debug;
		};
		4B27064724A3F25000F12B48 /* Release */ = {
			isa = XCBuildConfiguration;
			baseConfigurationReference = 4B0E899D260DEC6B00491C71 /* DGIS.xcconfig */;
			buildSettings = {
				ASSETCATALOG_COMPILER_APPICON_NAME = AppIcon;
				CODE_SIGN_ENTITLEMENTS = app/NativeApp.entitlements;
				CODE_SIGN_STYLE = Automatic;
				DEVELOPMENT_TEAM = 695938Y5Q8;
				INFOPLIST_FILE = app/Info.plist;
				LD_RUNPATH_SEARCH_PATHS = (
					"$(inherited)",
					"@executable_path/Frameworks",
				);
				LLVM_LTO = YES;
				ONLY_ACTIVE_ARCH = YES;
				PRODUCT_BUNDLE_IDENTIFIER = ru.2gis.nativesdk.app;
				PRODUCT_NAME = NativeApp;
				SUPPORTS_MACCATALYST = NO;
				SWIFT_VERSION = 5.0;
				TARGETED_DEVICE_FAMILY = "1,2";
			};
			name = Release;
		};
/* End XCBuildConfiguration section */

/* Begin XCConfigurationList section */
		4B27062C24A3F24C00F12B48 /* Build configuration list for PBXProject "app" */ = {
			isa = XCConfigurationList;
			buildConfigurations = (
				4B27064324A3F25000F12B48 /* Debug */,
				4B27064424A3F25000F12B48 /* Release */,
			);
			defaultConfigurationIsVisible = 0;
			defaultConfigurationName = Release;
		};
		4B27064524A3F25000F12B48 /* Build configuration list for PBXNativeTarget "app" */ = {
			isa = XCConfigurationList;
			buildConfigurations = (
				4B27064624A3F25000F12B48 /* Debug */,
				4B27064724A3F25000F12B48 /* Release */,
			);
			defaultConfigurationIsVisible = 0;
			defaultConfigurationName = Release;
		};
/* End XCConfigurationList section */

/* Begin XCRemoteSwiftPackageReference section */
		64A28EC226985B2000E7214B /* XCRemoteSwiftPackageReference "mobile-sdk-map-swift-package" */ = {
			isa = XCRemoteSwiftPackageReference;
			repositoryURL = "https://github.com/2gis/mobile-sdk-map-swift-package.git";
			requirement = {
				kind = exactVersion;
				version = 1.1.0;
			};
		};
/* End XCRemoteSwiftPackageReference section */

/* Begin XCSwiftPackageProductDependency section */
		64A28EC326985B2000E7214B /* MapSDK */ = {
			isa = XCSwiftPackageProductDependency;
			package = 64A28EC226985B2000E7214B /* XCRemoteSwiftPackageReference "mobile-sdk-map-swift-package" */;
			productName = MapSDK;
		};
/* End XCSwiftPackageProductDependency section */
	};
	rootObject = 4B27062924A3F24C00F12B48 /* Project object */;
}
