{
  "object": {
    "pins": [
      {
        "package": "DGisMobileSDK",
        "repositoryURL": "https://github.com/2gis/mobile-sdk-map-swift-package.git",
        "state": {
          "branch": null,
          "revision": "20562947b4bb3010cf372733b95b75e93e37d05b",
          "version": "1.4.0"
        }
      }
    ]
  },
  "version": 1
}
