{
  "object": {
    "pins": [
      {
        "package": "NativeSDK",
        "repositoryURL": "https://github.com/2gis/native-sdk-ios-swift-package.git",
        "state": {
          "branch": null,
          "revision": "8a87d506a618134187410814aa10ec66fb4e8dc0",
          "version": "0.7.2"
        }
      }
    ]
  },
  "version": 1
}
