{
  "object": {
    "pins": [
      {
        "package": "NativeSDK",
        "repositoryURL": "https://github.com/2gis/native-sdk-ios-swift-package.git",
        "state": {
          "branch": null,
          "revision": "c6500425df348966ce939d86bd4699a625527a3c",
          "version": "0.9.0-rc.1"
        }
      }
    ]
  },
  "version": 1
}
